
Microsoft Visual Studio Solution File, Format Version 12.00
# Visual Studio Version 17
VisualStudioVersion = 17.0.31903.59
MinimumVisualStudioVersion = 10.0.40219.1
Project("{2150E333-8FDC-42A3-9474-1A3956D46DE8}") = "src", "src", "{827E0CD3-B72D-47B6-A68D-7590B98EB39B}"
EndProject
Project("{FAE04EC0-301F-11D3-BF4B-00C04F79EFBC}") = "PowerBIPlugin.Core", "src\PowerBIPlugin.Core\PowerBIPlugin.Core.csproj", "{0F1F2CBF-AE88-4D1F-8960-2C2C44AC0FAF}"
EndProject
Project("{FAE04EC0-301F-11D3-BF4B-00C04F79EFBC}") = "PowerBIPlugin.UI", "src\PowerBIPlugin.UI\PowerBIPlugin.UI.csproj", "{D5F16601-B504-475F-B7F7-1D6CC0CBD99F}"
EndProject
Global
	GlobalSection(SolutionConfigurationPlatforms) = preSolution
		Debug|Any CPU = Debug|Any CPU
		Debug|x64 = Debug|x64
		Debug|x86 = Debug|x86
		Release|Any CPU = Release|Any CPU
		Release|x64 = Release|x64
		Release|x86 = Release|x86
	EndGlobalSection
	GlobalSection(ProjectConfigurationPlatforms) = postSolution
		{0F1F2CBF-AE88-4D1F-8960-2C2C44AC0FAF}.Debug|Any CPU.ActiveCfg = Debug|Any CPU
		{0F1F2CBF-AE88-4D1F-8960-2C2C44AC0FAF}.Debug|Any CPU.Build.0 = Debug|Any CPU
		{0F1F2CBF-AE88-4D1F-8960-2C2C44AC0FAF}.Debug|x64.ActiveCfg = Debug|Any CPU
		{0F1F2CBF-AE88-4D1F-8960-2C2C44AC0FAF}.Debug|x64.Build.0 = Debug|Any CPU
		{0F1F2CBF-AE88-4D1F-8960-2C2C44AC0FAF}.Debug|x86.ActiveCfg = Debug|Any CPU
		{0F1F2CBF-AE88-4D1F-8960-2C2C44AC0FAF}.Debug|x86.Build.0 = Debug|Any CPU
		{0F1F2CBF-AE88-4D1F-8960-2C2C44AC0FAF}.Release|Any CPU.ActiveCfg = Release|Any CPU
		{0F1F2CBF-AE88-4D1F-8960-2C2C44AC0FAF}.Release|Any CPU.Build.0 = Release|Any CPU
		{0F1F2CBF-AE88-4D1F-8960-2C2C44AC0FAF}.Release|x64.ActiveCfg = Release|Any CPU
		{0F1F2CBF-AE88-4D1F-8960-2C2C44AC0FAF}.Release|x64.Build.0 = Release|Any CPU
		{0F1F2CBF-AE88-4D1F-8960-2C2C44AC0FAF}.Release|x86.ActiveCfg = Release|Any CPU
		{0F1F2CBF-AE88-4D1F-8960-2C2C44AC0FAF}.Release|x86.Build.0 = Release|Any CPU
		{D5F16601-B504-475F-B7F7-1D6CC0CBD99F}.Debug|Any CPU.ActiveCfg = Debug|Any CPU
		{D5F16601-B504-475F-B7F7-1D6CC0CBD99F}.Debug|Any CPU.Build.0 = Debug|Any CPU
		{D5F16601-B504-475F-B7F7-1D6CC0CBD99F}.Debug|x64.ActiveCfg = Debug|Any CPU
		{D5F16601-B504-475F-B7F7-1D6CC0CBD99F}.Debug|x64.Build.0 = Debug|Any CPU
		{D5F16601-B504-475F-B7F7-1D6CC0CBD99F}.Debug|x86.ActiveCfg = Debug|Any CPU
		{D5F16601-B504-475F-B7F7-1D6CC0CBD99F}.Debug|x86.Build.0 = Debug|Any CPU
		{D5F16601-B504-475F-B7F7-1D6CC0CBD99F}.Release|Any CPU.ActiveCfg = Release|Any CPU
		{D5F16601-B504-475F-B7F7-1D6CC0CBD99F}.Release|Any CPU.Build.0 = Release|Any CPU
		{D5F16601-B504-475F-B7F7-1D6CC0CBD99F}.Release|x64.ActiveCfg = Release|Any CPU
		{D5F16601-B504-475F-B7F7-1D6CC0CBD99F}.Release|x64.Build.0 = Release|Any CPU
		{D5F16601-B504-475F-B7F7-1D6CC0CBD99F}.Release|x86.ActiveCfg = Release|Any CPU
		{D5F16601-B504-475F-B7F7-1D6CC0CBD99F}.Release|x86.Build.0 = Release|Any CPU
		{D10CA652-BF6E-4560-ACA4-4E6EF03545F6}.Debug|Any CPU.ActiveCfg = Debug|Any CPU
		{D10CA652-BF6E-4560-ACA4-4E6EF03545F6}.Debug|Any CPU.Build.0 = Debug|Any CPU
		{D10CA652-BF6E-4560-ACA4-4E6EF03545F6}.Debug|x64.ActiveCfg = Debug|Any CPU
		{D10CA652-BF6E-4560-ACA4-4E6EF03545F6}.Debug|x64.Build.0 = Debug|Any CPU
		{D10CA652-BF6E-4560-ACA4-4E6EF03545F6}.Debug|x86.ActiveCfg = Debug|Any CPU
		{D10CA652-BF6E-4560-ACA4-4E6EF03545F6}.Debug|x86.Build.0 = Debug|Any CPU
		{D10CA652-BF6E-4560-ACA4-4E6EF03545F6}.Release|Any CPU.ActiveCfg = Release|Any CPU
		{D10CA652-BF6E-4560-ACA4-4E6EF03545F6}.Release|Any CPU.Build.0 = Release|Any CPU
		{D10CA652-BF6E-4560-ACA4-4E6EF03545F6}.Release|x64.ActiveCfg = Release|Any CPU
		{D10CA652-BF6E-4560-ACA4-4E6EF03545F6}.Release|x64.Build.0 = Release|Any CPU
		{D10CA652-BF6E-4560-ACA4-4E6EF03545F6}.Release|x86.ActiveCfg = Release|Any CPU
		{D10CA652-BF6E-4560-ACA4-4E6EF03545F6}.Release|x86.Build.0 = Release|Any CPU
	EndGlobalSection
	GlobalSection(SolutionProperties) = preSolution
		HideSolutionNode = FALSE
	EndGlobalSection
	GlobalSection(NestedProjects) = preSolution
		{0F1F2CBF-AE88-4D1F-8960-2C2C44AC0FAF} = {827E0CD3-B72D-47B6-A68D-7590B98EB39B}
		{D5F16601-B504-475F-B7F7-1D6CC0CBD99F} = {827E0CD3-B72D-47B6-A68D-7590B98EB39B}
		{D10CA652-BF6E-4560-ACA4-4E6EF03545F6} = {827E0CD3-B72D-47B6-A68D-7590B98EB39B}
	EndGlobalSection
EndGlobal
